
Microsoft Visual Studio Solution File, Format Version 12.00
# Visual Studio Version 17
VisualStudioVersion = 17.5.33627.172
MinimumVisualStudioVersion = 10.0.40219.1
Project("{FAE04EC0-301F-11D3-BF4B-00C04F79EFBC}") = "UniversityAlone", "UniversityAlone\UniversityAlone.csproj", "{F3BA184F-F9F3-4A61-9C8F-7968BA7267D3}"
EndProject
Global
	GlobalSection(SolutionConfigurationPlatforms) = preSolution
		Debug|Any CPU = Debug|Any CPU
		Release|Any CPU = Release|Any CPU
	EndGlobalSection
	GlobalSection(ProjectConfigurationPlatforms) = postSolution
		{F3BA184F-F9F3-4A61-9C8F-7968BA7267D3}.Debug|Any CPU.ActiveCfg = Debug|Any CPU
		{F3BA184F-F9F3-4A61-9C8F-7968BA7267D3}.Debug|Any CPU.Build.0 = Debug|Any CPU
		{F3BA184F-F9F3-4A61-9C8F-7968BA7267D3}.Release|Any CPU.ActiveCfg = Release|Any CPU
		{F3BA184F-F9F3-4A61-9C8F-7968BA7267D3}.Release|Any CPU.Build.0 = Release|Any CPU
	EndGlobalSection
	GlobalSection(SolutionProperties) = preSolution
		HideSolutionNode = FALSE
	EndGlobalSection
	GlobalSection(ExtensibilityGlobals) = postSolution
		SolutionGuid = {D532B539-A5C2-4F8F-A382-E04EF265F867}
	EndGlobalSection
EndGlobal
